// !$*UTF8*$!
{
	archiveVersion = 1;
	classes = {
	};
	objectVersion = 50;
	objects = {

/* Begin PBXBuildFile section */
		56DE308E213635CB00F1424D /* AppDelegate.swift in Sources */ = {isa = PBXBuildFile; fileRef = 56DE308D213635CB00F1424D /* AppDelegate.swift */; };
		56DE3090213635CB00F1424D /* ViewController.swift in Sources */ = {isa = PBXBuildFile; fileRef = 56DE308F213635CB00F1424D /* ViewController.swift */; };
		56DE3093213635CB00F1424D /* Main.storyboard in Resources */ = {isa = PBXBuildFile; fileRef = 56DE3091213635CB00F1424D /* Main.storyboard */; };
		56DE3095213635CC00F1424D /* Assets.xcassets in Resources */ = {isa = PBXBuildFile; fileRef = 56DE3094213635CC00F1424D /* Assets.xcassets */; };
		56DE3098213635CC00F1424D /* LaunchScreen.storyboard in Resources */ = {isa = PBXBuildFile; fileRef = 56DE3096213635CC00F1424D /* LaunchScreen.storyboard */; };
		E00854AF215DD9BF00283E77 /* GoogleService-Info.plist in Resources */ = {isa = PBXBuildFile; fileRef = E00854AE215DD9BF00283E77 /* GoogleService-Info.plist */; };
		F0BE1BD9482E5C44AACB851D /* Pods_FCMRemoteNotification.framework in Frameworks */ = {isa = PBXBuildFile; fileRef = 56F727C8DBB98AC183F8DC6F /* Pods_FCMRemoteNotification.framework */; };
/* End PBXBuildFile section */

/* Begin PBXFileReference section */
		0B359A33FB76C52816C54966 /* Pods-FCMRemoteNotification.release.xcconfig */ = {isa = PBXFileReference; includeInIndex = 1; lastKnownFileType = text.xcconfig; name = "Pods-FCMRemoteNotification.release.xcconfig"; path = "Pods/Target Support Files/Pods-FCMRemoteNotification/Pods-FCMRemoteNotification.release.xcconfig"; sourceTree = "<group>"; };
		56DE308A213635CB00F1424D /* FCMRemoteNotification.app */ = {isa = PBXFileReference; explicitFileType = wrapper.application; includeInIndex = 0; path = FCMRemoteNotification.app; sourceTree = BUILT_PRODUCTS_DIR; };
		56DE308D213635CB00F1424D /* AppDelegate.swift */ = {isa = PBXFileReference; lastKnownFileType = sourcecode.swift; path = AppDelegate.swift; sourceTree = "<group>"; };
		56DE308F213635CB00F1424D /* ViewController.swift */ = {isa = PBXFileReference; lastKnownFileType = sourcecode.swift; path = ViewController.swift; sourceTree = "<group>"; };
		56DE3092213635CB00F1424D /* Base */ = {isa = PBXFileReference; lastKnownFileType = file.storyboard; name = Base; path = Base.lproj/Main.storyboard; sourceTree = "<group>"; };
		56DE3094213635CC00F1424D /* Assets.xcassets */ = {isa = PBXFileReference; lastKnownFileType = folder.assetcatalog; path = Assets.xcassets; sourceTree = "<group>"; };
		56DE3097213635CC00F1424D /* Base */ = {isa = PBXFileReference; lastKnownFileType = file.storyboard; name = Base; path = Base.lproj/LaunchScreen.storyboard; sourceTree = "<group>"; };
		56DE3099213635CC00F1424D /* Info.plist */ = {isa = PBXFileReference; lastKnownFileType = text.plist.xml; path = Info.plist; sourceTree = "<group>"; };
		56F727C8DBB98AC183F8DC6F /* Pods_FCMRemoteNotification.framework */ = {isa = PBXFileReference; explicitFileType = wrapper.framework; includeInIndex = 0; path = Pods_FCMRemoteNotification.framework; sourceTree = BUILT_PRODUCTS_DIR; };
		E00854AE215DD9BF00283E77 /* GoogleService-Info.plist */ = {isa = PBXFileReference; fileEncoding = 4; lastKnownFileType = text.plist.xml; path = "GoogleService-Info.plist"; sourceTree = SOURCE_ROOT; };
		E511A99E1003AEDD775BEB12 /* Pods-FCMRemoteNotification.debug.xcconfig */ = {isa = PBXFileReference; includeInIndex = 1; lastKnownFileType = text.xcconfig; name = "Pods-FCMRemoteNotification.debug.xcconfig"; path = "Pods/Target Support Files/Pods-FCMRemoteNotification/Pods-FCMRemoteNotification.debug.xcconfig"; sourceTree = "<group>"; };
/* End PBXFileReference section */

/* Begin PBXFrameworksBuildPhase section */
		56DE3087213635CB00F1424D /* Frameworks */ = {
			isa = PBXFrameworksBuildPhase;
			buildActionMask = 2147483647;
			files = (
				F0BE1BD9482E5C44AACB851D /* Pods_FCMRemoteNotification.framework in Frameworks */,
			);
			runOnlyForDeploymentPostprocessing = 0;
		};
/* End PBXFrameworksBuildPhase section */

/* Begin PBXGroup section */
		56DE3081213635CB00F1424D = {
			isa = PBXGroup;
			children = (
				56DE308C213635CB00F1424D /* FCMRemoteNotification */,
				56DE308B213635CB00F1424D /* Products */,
				DF8BA7FDCFC27AEFD26F5E7D /* Pods */,
				AEBD36081CB587AC9BAF41CA /* Frameworks */,
			);
			sourceTree = "<group>";
		};
		56DE308B213635CB00F1424D /* Products */ = {
			isa = PBXGroup;
			children = (
				56DE308A213635CB00F1424D /* FCMRemoteNotification.app */,
			);
			name = Products;
			sourceTree = "<group>";
		};
		56DE308C213635CB00F1424D /* FCMRemoteNotification */ = {
			isa = PBXGroup;
			children = (
				56DE308D213635CB00F1424D /* AppDelegate.swift */,
				56DE308F213635CB00F1424D /* ViewController.swift */,
				56DE3091213635CB00F1424D /* Main.storyboard */,
				56DE3094213635CC00F1424D /* Assets.xcassets */,
				56DE3096213635CC00F1424D /* LaunchScreen.storyboard */,
				56DE3099213635CC00F1424D /* Info.plist */,
				E00854AE215DD9BF00283E77 /* GoogleService-Info.plist */,
			);
			path = FCMRemoteNotification;
			sourceTree = "<group>";
		};
		AEBD36081CB587AC9BAF41CA /* Frameworks */ = {
			isa = PBXGroup;
			children = (
				56F727C8DBB98AC183F8DC6F /* Pods_FCMRemoteNotification.framework */,
			);
			name = Frameworks;
			sourceTree = "<group>";
		};
		DF8BA7FDCFC27AEFD26F5E7D /* Pods */ = {
			isa = PBXGroup;
			children = (
				E511A99E1003AEDD775BEB12 /* Pods-FCMRemoteNotification.debug.xcconfig */,
				0B359A33FB76C52816C54966 /* Pods-FCMRemoteNotification.release.xcconfig */,
			);
			name = Pods;
			sourceTree = "<group>";
		};
/* End PBXGroup section */

/* Begin PBXNativeTarget section */
		56DE3089213635CB00F1424D /* FCMRemoteNotification */ = {
			isa = PBXNativeTarget;
			buildConfigurationList = 56DE309C213635CC00F1424D /* Build configuration list for PBXNativeTarget "FCMRemoteNotification" */;
			buildPhases = (
				3AE3BE868A70C813CB675AFB /* [CP] Check Pods Manifest.lock */,
				56DE3086213635CB00F1424D /* Sources */,
				56DE3087213635CB00F1424D /* Frameworks */,
				56DE3088213635CB00F1424D /* Resources */,
				F89421740990EFAD9B5B21C1 /* [CP] Embed Pods Frameworks */,
			);
			buildRules = (
			);
			dependencies = (
			);
			name = FCMRemoteNotification;
			productName = FCMRemoteNotification;
			productReference = 56DE308A213635CB00F1424D /* FCMRemoteNotification.app */;
			productType = "com.apple.product-type.application";
		};
/* End PBXNativeTarget section */

/* Begin PBXProject section */
		56DE3082213635CB00F1424D /* Project object */ = {
			isa = PBXProject;
			attributes = {
				LastSwiftUpdateCheck = 0940;
				LastUpgradeCheck = 0940;
				ORGANIZATIONNAME = HoangLuyen;
				TargetAttributes = {
					56DE3089213635CB00F1424D = {
						CreatedOnToolsVersion = 9.4.1;
						LastSwiftMigration = 1000;
					};
				};
			};
			buildConfigurationList = 56DE3085213635CB00F1424D /* Build configuration list for PBXProject "FCMRemoteNotification" */;
			compatibilityVersion = "Xcode 9.3";
			developmentRegion = en;
			hasScannedForEncodings = 0;
			knownRegions = (
				en,
				Base,
			);
			mainGroup = 56DE3081213635CB00F1424D;
			productRefGroup = 56DE308B213635CB00F1424D /* Products */;
			projectDirPath = "";
			projectRoot = "";
			targets = (
				56DE3089213635CB00F1424D /* FCMRemoteNotification */,
			);
		};
/* End PBXProject section */

/* Begin PBXResourcesBuildPhase section */
		56DE3088213635CB00F1424D /* Resources */ = {
			isa = PBXResourcesBuildPhase;
			buildActionMask = 2147483647;
			files = (
				56DE3098213635CC00F1424D /* LaunchScreen.storyboard in Resources */,
				E00854AF215DD9BF00283E77 /* GoogleService-Info.plist in Resources */,
				56DE3095213635CC00F1424D /* Assets.xcassets in Resources */,
				56DE3093213635CB00F1424D /* Main.storyboard in Resources */,
			);
			runOnlyForDeploymentPostprocessing = 0;
		};
/* End PBXResourcesBuildPhase section */

/* Begin PBXShellScriptBuildPhase section */
		3AE3BE868A70C813CB675AFB /* [CP] Check Pods Manifest.lock */ = {
			isa = PBXShellScriptBuildPhase;
			buildActionMask = 2147483647;
			files = (
			);
			inputPaths = (
				"${PODS_PODFILE_DIR_PATH}/Podfile.lock",
				"${PODS_ROOT}/Manifest.lock",
			);
			name = "[CP] Check Pods Manifest.lock";
			outputPaths = (
				"$(DERIVED_FILE_DIR)/Pods-FCMRemoteNotification-checkManifestLockResult.txt",
			);
			runOnlyForDeploymentPostprocessing = 0;
			shellPath = /bin/sh;
			shellScript = "diff \"${PODS_PODFILE_DIR_PATH}/Podfile.lock\" \"${PODS_ROOT}/Manifest.lock\" > /dev/null\nif [ $? != 0 ] ; then\n    # print error to STDERR\n    echo \"error: The sandbox is not in sync with the Podfile.lock. Run 'pod install' or update your CocoaPods installation.\" >&2\n    exit 1\nfi\n# This output is used by Xcode 'outputs' to avoid re-running this script phase.\necho \"SUCCESS\" > \"${SCRIPT_OUTPUT_FILE_0}\"\n";
			showEnvVarsInLog = 0;
		};
		F89421740990EFAD9B5B21C1 /* [CP] Embed Pods Frameworks */ = {
			isa = PBXShellScriptBuildPhase;
			buildActionMask = 2147483647;
			files = (
			);
			inputPaths = (
				"${SRCROOT}/Pods/Target Support Files/Pods-FCMRemoteNotification/Pods-FCMRemoteNotification-frameworks.sh",
				"${BUILT_PRODUCTS_DIR}/GoogleUtilities/GoogleUtilities.framework",
				"${BUILT_PRODUCTS_DIR}/Protobuf/Protobuf.framework",
				"${BUILT_PRODUCTS_DIR}/nanopb/nanopb.framework",
			);
			name = "[CP] Embed Pods Frameworks";
			outputPaths = (
				"${TARGET_BUILD_DIR}/${FRAMEWORKS_FOLDER_PATH}/GoogleUtilities.framework",
				"${TARGET_BUILD_DIR}/${FRAMEWORKS_FOLDER_PATH}/Protobuf.framework",
				"${TARGET_BUILD_DIR}/${FRAMEWORKS_FOLDER_PATH}/nanopb.framework",
			);
			runOnlyForDeploymentPostprocessing = 0;
			shellPath = /bin/sh;
			shellScript = "\"${SRCROOT}/Pods/Target Support Files/Pods-FCMRemoteNotification/Pods-FCMRemoteNotification-frameworks.sh\"\n";
			showEnvVarsInLog = 0;
		};
/* End PBXShellScriptBuildPhase section */

/* Begin PBXSourcesBuildPhase section */
		56DE3086213635CB00F1424D /* Sources */ = {
			isa = PBXSourcesBuildPhase;
			buildActionMask = 2147483647;
			files = (
				56DE3090213635CB00F1424D /* ViewController.swift in Sources */,
				56DE308E213635CB00F1424D /* AppDelegate.swift in Sources */,
			);
			runOnlyForDeploymentPostprocessing = 0;
		};
/* End PBXSourcesBuildPhase section */

/* Begin PBXVariantGroup section */
		56DE3091213635CB00F1424D /* Main.storyboard */ = {
			isa = PBXVariantGroup;
			children = (
				56DE3092213635CB00F1424D /* Base */,
			);
			name = Main.storyboard;
			sourceTree = "<group>";
		};
		56DE3096213635CC00F1424D /* LaunchScreen.storyboard */ = {
			isa = PBXVariantGroup;
			children = (
				56DE3097213635CC00F1424D /* Base */,
			);
			name = LaunchScreen.storyboard;
			sourceTree = "<group>";
		};
/* End PBXVariantGroup section */

/* Begin XCBuildConfiguration section */
		56DE309A213635CC00F1424D /* Debug */ = {
			isa = XCBuildConfiguration;
			buildSettings = {
				ALWAYS_SEARCH_USER_PATHS = NO;
				CLANG_ANALYZER_NONNULL = YES;
				CLANG_ANALYZER_NUMBER_OBJECT_CONVERSION = YES_AGGRESSIVE;
				CLANG_CXX_LANGUAGE_STANDARD = "gnu++14";
				CLANG_CXX_LIBRARY = "libc++";
				CLANG_ENABLE_MODULES = YES;
				CLANG_ENABLE_OBJC_ARC = YES;
				CLANG_ENABLE_OBJC_WEAK = YES;
				CLANG_WARN_BLOCK_CAPTURE_AUTORELEASING = YES;
				CLANG_WARN_BOOL_CONVERSION = YES;
				CLANG_WARN_COMMA = YES;
				CLANG_WARN_CONSTANT_CONVERSION = YES;
				CLANG_WARN_DEPRECATED_OBJC_IMPLEMENTATIONS = YES;
				CLANG_WARN_DIRECT_OBJC_ISA_USAGE = YES_ERROR;
				CLANG_WARN_DOCUMENTATION_COMMENTS = YES;
				CLANG_WARN_EMPTY_BODY = YES;
				CLANG_WARN_ENUM_CONVERSION = YES;
				CLANG_WARN_INFINITE_RECURSION = YES;
				CLANG_WARN_INT_CONVERSION = YES;
				CLANG_WARN_NON_LITERAL_NULL_CONVERSION = YES;
				CLANG_WARN_OBJC_IMPLICIT_RETAIN_SELF = YES;
				CLANG_WARN_OBJC_LITERAL_CONVERSION = YES;
				CLANG_WARN_OBJC_ROOT_CLASS = YES_ERROR;
				CLANG_WARN_RANGE_LOOP_ANALYSIS = YES;
				CLANG_WARN_STRICT_PROTOTYPES = YES;
				CLANG_WARN_SUSPICIOUS_MOVE = YES;
				CLANG_WARN_UNGUARDED_AVAILABILITY = YES_AGGRESSIVE;
				CLANG_WARN_UNREACHABLE_CODE = YES;
				CLANG_WARN__DUPLICATE_METHOD_MATCH = YES;
				CODE_SIGN_IDENTITY = "iPhone Developer";
				COPY_PHASE_STRIP = NO;
				DEBUG_INFORMATION_FORMAT = dwarf;
				ENABLE_STRICT_OBJC_MSGSEND = YES;
				ENABLE_TESTABILITY = YES;
				GCC_C_LANGUAGE_STANDARD = gnu11;
				GCC_DYNAMIC_NO_PIC = NO;
				GCC_NO_COMMON_BLOCKS = YES;
				GCC_OPTIMIZATION_LEVEL = 0;
				GCC_PREPROCESSOR_DEFINITIONS = (
					"DEBUG=1",
					"$(inherited)",
				);
				GCC_WARN_64_TO_32_BIT_CONVERSION = YES;
				GCC_WARN_ABOUT_RETURN_TYPE = YES_ERROR;
				GCC_WARN_UNDECLARED_SELECTOR = YES;
				GCC_WARN_UNINITIALIZED_AUTOS = YES_AGGRESSIVE;
				GCC_WARN_UNUSED_FUNCTION = YES;
				GCC_WARN_UNUSED_VARIABLE = YES;
				IPHONEOS_DEPLOYMENT_TARGET = 11.4;
				MTL_ENABLE_DEBUG_INFO = YES;
				ONLY_ACTIVE_ARCH = YES;
				SDKROOT = iphoneos;
				SWIFT_ACTIVE_COMPILATION_CONDITIONS = DEBUG;
				SWIFT_OPTIMIZATION_LEVEL = "-Onone";
			};
			name = Debug;
		};
		56DE309B213635CC00F1424D /* Release */ = {
			isa = XCBuildConfiguration;
			buildSettings = {
				ALWAYS_SEARCH_USER_PATHS = NO;
				CLANG_ANALYZER_NONNULL = YES;
				CLANG_ANALYZER_NUMBER_OBJECT_CONVERSION = YES_AGGRESSIVE;
				CLANG_CXX_LANGUAGE_STANDARD = "gnu++14";
				CLANG_CXX_LIBRARY = "libc++";
				CLANG_ENABLE_MODULES = YES;
				CLANG_ENABLE_OBJC_ARC = YES;
				CLANG_ENABLE_OBJC_WEAK = YES;
				CLANG_WARN_BLOCK_CAPTURE_AUTORELEASING = YES;
				CLANG_WARN_BOOL_CONVERSION = YES;
				CLANG_WARN_COMMA = YES;
				CLANG_WARN_CONSTANT_CONVERSION = YES;
				CLANG_WARN_DEPRECATED_OBJC_IMPLEMENTATIONS = YES;
				CLANG_WARN_DIRECT_OBJC_ISA_USAGE = YES_ERROR;
				CLANG_WARN_DOCUMENTATION_COMMENTS = YES;
				CLANG_WARN_EMPTY_BODY = YES;
				CLANG_WARN_ENUM_CONVERSION = YES;
				CLANG_WARN_INFINITE_RECURSION = YES;
				CLANG_WARN_INT_CONVERSION = YES;
				CLANG_WARN_NON_LITERAL_NULL_CONVERSION = YES;
				CLANG_WARN_OBJC_IMPLICIT_RETAIN_SELF = YES;
				CLANG_WARN_OBJC_LITERAL_CONVERSION = YES;
				CLANG_WARN_OBJC_ROOT_CLASS = YES_ERROR;
				CLANG_WARN_RANGE_LOOP_ANALYSIS = YES;
				CLANG_WARN_STRICT_PROTOTYPES = YES;
				CLANG_WARN_SUSPICIOUS_MOVE = YES;
				CLANG_WARN_UNGUARDED_AVAILABILITY = YES_AGGRESSIVE;
				CLANG_WARN_UNREACHABLE_CODE = YES;
				CLANG_WARN__DUPLICATE_METHOD_MATCH = YES;
				CODE_SIGN_IDENTITY = "iPhone Developer";
				COPY_PHASE_STRIP = NO;
				DEBUG_INFORMATION_FORMAT = "dwarf-with-dsym";
				ENABLE_NS_ASSERTIONS = NO;
				ENABLE_STRICT_OBJC_MSGSEND = YES;
				GCC_C_LANGUAGE_STANDARD = gnu11;
				GCC_NO_COMMON_BLOCKS = YES;
				GCC_WARN_64_TO_32_BIT_CONVERSION = YES;
				GCC_WARN_ABOUT_RETURN_TYPE = YES_ERROR;
				GCC_WARN_UNDECLARED_SELECTOR = YES;
				GCC_WARN_UNINITIALIZED_AUTOS = YES_AGGRESSIVE;
				GCC_WARN_UNUSED_FUNCTION = YES;
				GCC_WARN_UNUSED_VARIABLE = YES;
				IPHONEOS_DEPLOYMENT_TARGET = 11.4;
				MTL_ENABLE_DEBUG_INFO = NO;
				SDKROOT = iphoneos;
				SWIFT_COMPILATION_MODE = wholemodule;
				SWIFT_OPTIMIZATION_LEVEL = "-O";
				VALIDATE_PRODUCT = YES;
			};
			name = Release;
		};
		56DE309D213635CC00F1424D /* Debug */ = {
			isa = XCBuildConfiguration;
			baseConfigurationReference = E511A99E1003AEDD775BEB12 /* Pods-FCMRemoteNotification.debug.xcconfig */;
			buildSettings = {
				ASSETCATALOG_COMPILER_APPICON_NAME = AppIcon;
				CODE_SIGN_STYLE = Automatic;
				DEVELOPMENT_TEAM = 56AJJ634ZU;
				INFOPLIST_FILE = FCMRemoteNotification/Info.plist;
				LD_RUNPATH_SEARCH_PATHS = (
					"$(inherited)",
					"@executable_path/Frameworks",
				);
				PRODUCT_BUNDLE_IDENTIFIER = com.Bigzero.FCMNotificationHelper;
				PRODUCT_NAME = "$(TARGET_NAME)";
				SWIFT_VERSION = 4.2;
				TARGETED_DEVICE_FAMILY = "1,2";
			};
			name = Debug;
		};
		56DE309E213635CC00F1424D /* Release */ = {
			isa = XCBuildConfiguration;
			baseConfigurationReference = 0B359A33FB76C52816C54966 /* Pods-FCMRemoteNotification.release.xcconfig */;
			buildSettings = {
				ASSETCATALOG_COMPILER_APPICON_NAME = AppIcon;
				CODE_SIGN_STYLE = Automatic;
				DEVELOPMENT_TEAM = 56AJJ634ZU;
				INFOPLIST_FILE = FCMRemoteNotification/Info.plist;
				LD_RUNPATH_SEARCH_PATHS = (
					"$(inherited)",
					"@executable_path/Frameworks",
				);
				PRODUCT_BUNDLE_IDENTIFIER = com.Bigzero.FCMNotificationHelper;
				PRODUCT_NAME = "$(TARGET_NAME)";
				SWIFT_VERSION = 4.2;
				TARGETED_DEVICE_FAMILY = "1,2";
			};
			name = Release;
		};
/* End XCBuildConfiguration section */

/* Begin XCConfigurationList section */
		56DE3085213635CB00F1424D /* Build configuration list for PBXProject "FCMRemoteNotification" */ = {
			isa = XCConfigurationList;
			buildConfigurations = (
				56DE309A213635CC00F1424D /* Debug */,
				56DE309B213635CC00F1424D /* Release */,
			);
			defaultConfigurationIsVisible = 0;
			defaultConfigurationName = Release;
		};
		56DE309C213635CC00F1424D /* Build configuration list for PBXNativeTarget "FCMRemoteNotification" */ = {
			isa = XCConfigurationList;
			buildConfigurations = (
				56DE309D213635CC00F1424D /* Debug */,
				56DE309E213635CC00F1424D /* Release */,
			);
			defaultConfigurationIsVisible = 0;
			defaultConfigurationName = Release;
		};
/* End XCConfigurationList section */
	};
	rootObject = 56DE3082213635CB00F1424D /* Project object */;
}
